
Microsoft Visual Studio Solution File, Format Version 12.00
# Visual Studio Version 17
VisualStudioVersion = 17.11.35431.28
MinimumVisualStudioVersion = 10.0.40219.1
Project("{8BC9CEB8-8B4A-11D0-8D11-00A0C91BC942}") = "AoC8", "AoC8\AoC8.vcxproj", "{6603BCC8-DFDC-4EF6-944A-5D7DDF625D94}"
EndProject
Global
	GlobalSection(SolutionConfigurationPlatforms) = preSolution
		Debug|x64 = Debug|x64
		Debug|x86 = Debug|x86
		Release|x64 = Release|x64
		Release|x86 = Release|x86
	EndGlobalSection
	GlobalSection(ProjectConfigurationPlatforms) = postSolution
		{6603BCC8-DFDC-4EF6-944A-5D7DDF625D94}.Debug|x64.ActiveCfg = Debug|x64
		{6603BCC8-DFDC-4EF6-944A-5D7DDF625D94}.Debug|x64.Build.0 = Debug|x64
		{6603BCC8-DFDC-4EF6-944A-5D7DDF625D94}.Debug|x86.ActiveCfg = Debug|Win32
		{6603BCC8-DFDC-4EF6-944A-5D7DDF625D94}.Debug|x86.Build.0 = Debug|Win32
		{6603BCC8-DFDC-4EF6-944A-5D7DDF625D94}.Release|x64.ActiveCfg = Release|x64
		{6603BCC8-DFDC-4EF6-944A-5D7DDF625D94}.Release|x64.Build.0 = Release|x64
		{6603BCC8-DFDC-4EF6-944A-5D7DDF625D94}.Release|x86.ActiveCfg = Release|Win32
		{6603BCC8-DFDC-4EF6-944A-5D7DDF625D94}.Release|x86.Build.0 = Release|Win32
	EndGlobalSection
	GlobalSection(SolutionProperties) = preSolution
		HideSolutionNode = FALSE
	EndGlobalSection
	GlobalSection(ExtensibilityGlobals) = postSolution
		SolutionGuid = {DB0F136C-87C9-46BC-A146-0A3F3228EC67}
	EndGlobalSection
EndGlobal
